
Microsoft Visual Studio Solution File, Format Version 12.00
# Visual Studio Version 16
VisualStudioVersion = 16.0.30309.148
MinimumVisualStudioVersion = 10.0.40219.1
Project("{FAE04EC0-301F-11D3-BF4B-00C04F79EFBC}") = "Final", "Final\Final.csproj", "{A5449F51-FC34-4660-8912-4337130CA16D}"
EndProject
Global
	GlobalSection(SolutionConfigurationPlatforms) = preSolution
		Debug|Any CPU = Debug|Any CPU
		Release|Any CPU = Release|Any CPU
	EndGlobalSection
	GlobalSection(ProjectConfigurationPlatforms) = postSolution
		{A5449F51-FC34-4660-8912-4337130CA16D}.Debug|Any CPU.ActiveCfg = Debug|Any CPU
		{A5449F51-FC34-4660-8912-4337130CA16D}.Debug|Any CPU.Build.0 = Debug|Any CPU
		{A5449F51-FC34-4660-8912-4337130CA16D}.Release|Any CPU.ActiveCfg = Release|Any CPU
		{A5449F51-FC34-4660-8912-4337130CA16D}.Release|Any CPU.Build.0 = Release|Any CPU
	EndGlobalSection
	GlobalSection(SolutionProperties) = preSolution
		HideSolutionNode = FALSE
	EndGlobalSection
	GlobalSection(ExtensibilityGlobals) = postSolution
		SolutionGuid = {51E5F037-456D-484F-A684-C079B33DE93E}
	EndGlobalSection
EndGlobal
